
Microsoft Visual Studio Solution File, Format Version 12.00
# Visual Studio Version 17
VisualStudioVersion = 17.10.35122.118
MinimumVisualStudioVersion = 10.0.40219.1
Project("{C9674DCB-5085-4A16-B785-4C70DD1589BD}") = "ETLGamatronDW", "ETLGamatronDW\ETLGamatronDW.dtproj", "{DF73B519-4BEB-47EB-9CE4-B81390409B5B}"
EndProject
Global
	GlobalSection(SolutionConfigurationPlatforms) = preSolution
		Development|Default = Development|Default
	EndGlobalSection
	GlobalSection(ProjectConfigurationPlatforms) = postSolution
		{DF73B519-4BEB-47EB-9CE4-B81390409B5B}.Development|Default.ActiveCfg = Development
		{DF73B519-4BEB-47EB-9CE4-B81390409B5B}.Development|Default.Build.0 = Development
	EndGlobalSection
	GlobalSection(SolutionProperties) = preSolution
		HideSolutionNode = FALSE
	EndGlobalSection
	GlobalSection(ExtensibilityGlobals) = postSolution
		SolutionGuid = {9607D74C-78AA-4F07-83D1-AED7CDDD5DF3}
	EndGlobalSection
EndGlobal
